
Microsoft Visual Studio Solution File, Format Version 12.00
# Visual Studio Version 17
VisualStudioVersion = 17.1.32210.238
MinimumVisualStudioVersion = 10.0.40219.1
Project("{FAE04EC0-301F-11D3-BF4B-00C04F79EFBC}") = "Note", "Note\Note.csproj", "{2DD2BAE1-355B-43B2-8148-EE15F5C2ACB9}"
EndProject
Global
	GlobalSection(SolutionConfigurationPlatforms) = preSolution
		Debug|Any CPU = Debug|Any CPU
		Release|Any CPU = Release|Any CPU
	EndGlobalSection
	GlobalSection(ProjectConfigurationPlatforms) = postSolution
		{2DD2BAE1-355B-43B2-8148-EE15F5C2ACB9}.Debug|Any CPU.ActiveCfg = Debug|Any CPU
		{2DD2BAE1-355B-43B2-8148-EE15F5C2ACB9}.Debug|Any CPU.Build.0 = Debug|Any CPU
		{2DD2BAE1-355B-43B2-8148-EE15F5C2ACB9}.Release|Any CPU.ActiveCfg = Release|Any CPU
		{2DD2BAE1-355B-43B2-8148-EE15F5C2ACB9}.Release|Any CPU.Build.0 = Release|Any CPU
	EndGlobalSection
	GlobalSection(SolutionProperties) = preSolution
		HideSolutionNode = FALSE
	EndGlobalSection
	GlobalSection(ExtensibilityGlobals) = postSolution
		SolutionGuid = {6BA5B402-9BCC-45FC-9CBD-EA6F8D23F39E}
	EndGlobalSection
EndGlobal
